
Microsoft Visual Studio Solution File, Format Version 12.00
# Visual Studio 15
VisualStudioVersion = 15.0.26730.16
MinimumVisualStudioVersion = 10.0.40219.1
Project("{FAE04EC0-301F-11D3-BF4B-00C04F79EFBC}") = "WebCRU", "WebCRU\WebCRU.csproj", "{ABB9D729-D4C4-47E3-B9C1-BCA20B06138B}"
EndProject
Global
	GlobalSection(SolutionConfigurationPlatforms) = preSolution
		Debug|Any CPU = Debug|Any CPU
		Release|Any CPU = Release|Any CPU
	EndGlobalSection
	GlobalSection(ProjectConfigurationPlatforms) = postSolution
		{ABB9D729-D4C4-47E3-B9C1-BCA20B06138B}.Debug|Any CPU.ActiveCfg = Debug|Any CPU
		{ABB9D729-D4C4-47E3-B9C1-BCA20B06138B}.Debug|Any CPU.Build.0 = Debug|Any CPU
		{ABB9D729-D4C4-47E3-B9C1-BCA20B06138B}.Release|Any CPU.ActiveCfg = Release|Any CPU
		{ABB9D729-D4C4-47E3-B9C1-BCA20B06138B}.Release|Any CPU.Build.0 = Release|Any CPU
	EndGlobalSection
	GlobalSection(SolutionProperties) = preSolution
		HideSolutionNode = FALSE
	EndGlobalSection
	GlobalSection(ExtensibilityGlobals) = postSolution
		SolutionGuid = {CE77E33F-AA99-4C43-BF47-8CF533E629C9}
	EndGlobalSection
EndGlobal
